
Microsoft Visual Studio Solution File, Format Version 12.00
# Visual Studio 15
VisualStudioVersion = 15.0.28307.960
MinimumVisualStudioVersion = 10.0.40219.1
Project("{FAE04EC0-301F-11D3-BF4B-00C04F79EFBC}") = "Employes", "Employes\Employes.csproj", "{F5DC3188-2271-4758-9546-7344905890AE}"
EndProject
Global
	GlobalSection(SolutionConfigurationPlatforms) = preSolution
		Debug|Any CPU = Debug|Any CPU
		Release|Any CPU = Release|Any CPU
	EndGlobalSection
	GlobalSection(ProjectConfigurationPlatforms) = postSolution
		{F5DC3188-2271-4758-9546-7344905890AE}.Debug|Any CPU.ActiveCfg = Debug|Any CPU
		{F5DC3188-2271-4758-9546-7344905890AE}.Debug|Any CPU.Build.0 = Debug|Any CPU
		{F5DC3188-2271-4758-9546-7344905890AE}.Release|Any CPU.ActiveCfg = Release|Any CPU
		{F5DC3188-2271-4758-9546-7344905890AE}.Release|Any CPU.Build.0 = Release|Any CPU
	EndGlobalSection
	GlobalSection(SolutionProperties) = preSolution
		HideSolutionNode = FALSE
	EndGlobalSection
	GlobalSection(ExtensibilityGlobals) = postSolution
		SolutionGuid = {E79B4EF5-3575-4401-82F2-DFB34FBBEAD1}
	EndGlobalSection
EndGlobal
